
Microsoft Visual Studio Solution File, Format Version 12.00
# Visual Studio Version 16
VisualStudioVersion = 16.0.30503.244
MinimumVisualStudioVersion = 10.0.40219.1
Project("{9A19103F-16F7-4668-BE54-9A1E7A4F7556}") = "UserRegistration", "UserRegistration.csproj", "{E16BD47C-895F-4DB6-8F6B-EE6A1E8B54CC}"
EndProject
Project("{FAE04EC0-301F-11D3-BF4B-00C04F79EFBC}") = "UserRegistrationTest", "..\UserRegistrationTest\UserRegistrationTest.csproj", "{D4D7F4D3-9323-4626-B188-2B26D4847231}"
EndProject
Global
	GlobalSection(SolutionConfigurationPlatforms) = preSolution
		Debug|Any CPU = Debug|Any CPU
		Release|Any CPU = Release|Any CPU
	EndGlobalSection
	GlobalSection(ProjectConfigurationPlatforms) = postSolution
		{E16BD47C-895F-4DB6-8F6B-EE6A1E8B54CC}.Debug|Any CPU.ActiveCfg = Debug|Any CPU
		{E16BD47C-895F-4DB6-8F6B-EE6A1E8B54CC}.Debug|Any CPU.Build.0 = Debug|Any CPU
		{E16BD47C-895F-4DB6-8F6B-EE6A1E8B54CC}.Release|Any CPU.ActiveCfg = Release|Any CPU
		{E16BD47C-895F-4DB6-8F6B-EE6A1E8B54CC}.Release|Any CPU.Build.0 = Release|Any CPU
		{D4D7F4D3-9323-4626-B188-2B26D4847231}.Debug|Any CPU.ActiveCfg = Debug|Any CPU
		{D4D7F4D3-9323-4626-B188-2B26D4847231}.Debug|Any CPU.Build.0 = Debug|Any CPU
		{D4D7F4D3-9323-4626-B188-2B26D4847231}.Release|Any CPU.ActiveCfg = Release|Any CPU
		{D4D7F4D3-9323-4626-B188-2B26D4847231}.Release|Any CPU.Build.0 = Release|Any CPU
	EndGlobalSection
	GlobalSection(SolutionProperties) = preSolution
		HideSolutionNode = FALSE
	EndGlobalSection
	GlobalSection(ExtensibilityGlobals) = postSolution
		SolutionGuid = {12B06603-635F-4528-9202-74EEB211E0AE}
	EndGlobalSection
EndGlobal
